PackratFormat: 1.4
PackratVersion: 0.4.9.3
RVersion: 3.5.0
Repos: CRAN=https://ftp.gwdg.de/pub/misc/cran/

Package: BBmisc
Source: CRAN
Version: 1.11
Hash: c9b8888a595ca8153ee1ed47bd8f771c
Requires: checkmate

Package: BH
Source: CRAN
Version: 1.66.0-1
Hash: 4cc8883584b955ed01f38f68bc03af6d

Package: CVST
Source: CRAN
Version: 0.2-1
Hash: 1e50c7789a11bc9523238fcf16ee8a71
Requires: kernlab

Package: DEoptimR
Source: CRAN
Version: 1.0-8
Hash: adc74e88e85eabe6c7d73db6a86fe6cf

Package: DRR
Source: CRAN
Version: 0.0.3
Hash: cd7cdf55dde64ded98a7d8d0621c9242
Requires: CVST, kernlab

Package: DT
Source: CRAN
Version: 0.4
Hash: a6e844446350a7128c734516fa8215e3
Requires: crosstalk, htmltools, htmlwidgets, magrittr

Package: Formula
Source: CRAN
Version: 1.2-3
Hash: 9772da3bc51603a19a2b75f008fd63e3

Package: ModelMetrics
Source: CRAN
Version: 1.1.0
Hash: 9d1f72537c0c4318c887aaf77689ec83
Requires: Rcpp

Package: NLP
Source: CRAN
Version: 0.1-11
Hash: fb5df0f46574cb600b9ea437b200450e

Package: OneR
Source: CRAN
Version: 2.2
Hash: c42cedc3dfcce6ba0956fa2d1098ad31

Package: ParamHelpers
Source: CRAN
Version: 1.10
Hash: 9a0e20014fb653487b83ed951cc318c0
Requires: BBmisc, checkmate

Package: R6
Source: CRAN
Version: 2.2.2
Hash: b2366cd9d2f3851a5704b4e192b985c2

Package: RColorBrewer
Source: CRAN
Version: 1.1-2
Hash: c0d56cd15034f395874c870141870c25

Package: RWeka
Source: CRAN
Version: 0.4-38
Hash: 8b460e096d52ea2c26bcfa7d8d2008f1
Requires: RWekajars, rJava

Package: RWekajars
Source: CRAN
Version: 3.9.2-1
Hash: 6b07b90faa3fc0b8e6ab111289384dd9
Requires: rJava

Package: Rcpp
Source: CRAN
Version: 0.12.17
Hash: d2eff4634ccd7aca030c540ad805ac4a

Package: RcppRoll
Source: CRAN
Version: 0.2.2
Hash: 36378bcc588832b17108d7179e6ca0fa
Requires: Rcpp

Package: SQUAREM
Source: CRAN
Version: 2017.10-1
Hash: 468c9c5e9c9852863fd94313b880964d

Package: TH.data
Source: CRAN
Version: 1.0-8
Hash: 06a65803bc437e0e86280c425b850313

Package: TeachingDemos
Source: CRAN
Version: 2.10
Hash: dd58fab04d2bb63a4be67f53642f5e83

Package: XML
Source: CRAN
Version: 3.98-1.11
Hash: 93ca736e34d01f5952dc770fbfa5fa62

Package: abind
Source: CRAN
Version: 1.4-5
Hash: 1ceb86ef5ebe776ed4753ab6165eb6d7

Package: arules
Source: CRAN
Version: 1.6-1
Hash: cc4154541538cb39c83e17a75ac61f42

Package: assertthat
Source: CRAN
Version: 0.2.0
Hash: e8805df54c65ac96d50235c44a82615c

Package: backports
Source: CRAN
Version: 1.1.2
Hash: 5ae7b3466e529e4400951ca18c137e40

Package: base64enc
Source: CRAN
Version: 0.1-3
Hash: c590d29e555926af053055e23ee79efb

Package: bindr
Source: CRAN
Version: 0.1.1
Hash: 76578c5f543a6ecbc1365d6445f9ebf7

Package: bindrcpp
Source: CRAN
Version: 0.2.2
Hash: 557f908819df9f67af5dc93f501610ab
Requires: Rcpp, bindr, plogr

Package: bookdown
Source: CRAN
Version: 0.7
Hash: e5916615038d3cedf27b78814803877c
Requires: htmltools, knitr, rmarkdown, tinytex, xfun, yaml

Package: brew
Source: CRAN
Version: 1.0-6
Hash: 931f9972deae0f205e1c78a51f33149b

Package: broom
Source: CRAN
Version: 0.4.4
Hash: dc14fe971ee0fdd4e22b5b1d11611a37
Requires: dplyr, plyr, psych, reshape2, stringr, tidyr

Package: caret
Source: CRAN
Version: 6.0-79
Hash: 38d42f11b8dd0fdd363568d282704a08
Requires: ModelMetrics, foreach, ggplot2, plyr, recipes, reshape2,
    withr

Package: checkmate
Source: CRAN
Version: 1.8.5
Hash: e1bbc5228ab3da931a099208bc95ad23
Requires: backports

Package: cli
Source: CRAN
Version: 1.0.0
Hash: f4239f89feb7ddc65821e4514e9734ae
Requires: assertthat, crayon

Package: coin
Source: CRAN
Version: 1.2-2
Hash: 084f6261d6bd75369a2d2f3a947a2304
Requires: modeltools, multcomp, mvtnorm

Package: colorspace
Source: CRAN
Version: 1.3-2
Hash: 0bf8618b585fa98eb23414cd3ab95118

Package: commonmark
Source: CRAN
Version: 1.5
Hash: 432a16a9967055dad6b39f1c14fd6b2c

Package: crayon
Source: CRAN
Version: 1.3.4
Hash: ff2840dd9b0d563fc80377a5a45510cd

Package: crosstalk
Source: CRAN
Version: 1.0.0
Hash: c13adea5906fbe2becfcb5f843b26749
Requires: R6, ggplot2, htmltools, jsonlite, lazyeval, shiny

Package: data.table
Source: CRAN
Version: 1.11.4
Hash: d8736a5fe41e5ebef191c43f5e22652f

Package: ddalpha
Source: CRAN
Version: 1.3.3
Hash: 2c67fe38c614bf47a2d53ff6bc9376ef
Requires: BH, Rcpp, geometry, robustbase, sfsmisc

Package: desc
Source: CRAN
Version: 1.2.0
Hash: a1fd2baa29d4954951e3d1816deab6af
Requires: R6, assertthat, crayon, rprojroot

Package: dichromat
Source: CRAN
Version: 2.0-0
Hash: 08eed0c80510af29bb15f840ccfe37ce

Package: digest
Source: CRAN
Version: 0.6.15
Hash: 1f202ebd812ac7192be3739245746a13

Package: dimRed
Source: CRAN
Version: 0.1.0
Hash: 648bd80f3187f8e807f996e3e0866c7c
Requires: DRR

Package: dplyr
Source: CRAN
Version: 0.7.4
Hash: c0c743a9862f3cef02ffc7dc700ba290
Requires: BH, R6, Rcpp, assertthat, bindrcpp, glue, magrittr,
    pkgconfig, plogr, rlang, tibble

Package: e1071
Source: CRAN
Version: 1.6-8
Hash: 20320ec66d4dc608654769145b7c624a

Package: earth
Source: CRAN
Version: 4.6.3
Hash: 9627454fcd66759d45a4555c4e447d0e
Requires: TeachingDemos, plotmo

Package: evaluate
Source: CRAN
Version: 0.10.1
Hash: 54d95f4ec6d0300100413ed0127d89ae
Requires: stringr

Package: foreach
Source: CRAN
Version: 1.4.4
Hash: 4df5ab2c8c35382dacab75d414da6748
Requires: iterators

Package: gdtools
Source: CRAN
Version: 0.1.7
Hash: 15e71bc5a7d49c424cf284a04caaa9af
Requires: Rcpp, withr

Package: geometry
Source: CRAN
Version: 0.3-6
Hash: 0e3f4ee96f4e579f438fea6cb2588879
Requires: magic

Package: ggplot2
Source: CRAN
Version: 3.0.0
Hash: 8332448b76ff31472a1bf6dd31fcddb1
Requires: digest, gtable, lazyeval, plyr, reshape2, rlang, scales,
    tibble, viridisLite, withr

Package: glmnet
Source: CRAN
Version: 2.0-16
Hash: 99b8a0322dff077a3eb167b83681ca5a
Requires: foreach

Package: glue
Source: CRAN
Version: 1.2.0
Hash: 381e42baedecc633c0e547a0c7ca9de7

Package: gower
Source: CRAN
Version: 0.1.2
Hash: 77a20b3ef7f9a1a7ed19457b36978605

Package: gridExtra
Source: CRAN
Version: 2.3
Hash: fa977bc1aab5588a08123b10ceb1ad3d
Requires: gtable

Package: gtable
Source: CRAN
Version: 0.2.0
Hash: cd78381a9d3fea966ac39bd0daaf5554

Package: highr
Source: CRAN
Version: 0.6
Hash: aa3d5b7912b5fed4b546ed5cd2a1760b

Package: htmltools
Source: CRAN
Version: 0.3.6
Hash: b24df7ea0856eab6618f6a56016d940d
Requires: Rcpp, digest

Package: htmlwidgets
Source: CRAN
Version: 1.2
Hash: de18b75f31630089b22e30d4b188cfbe
Requires: htmltools, jsonlite, yaml

Package: httpuv
Source: CRAN
Version: 1.4.1
Hash: 6b8a56a4e2d51346af46a70c2182ebef
Requires: BH, Rcpp, later, promises

Package: inum
Source: CRAN
Version: 1.0-0
Hash: 084dec57c875e24696dd9e16747a92c2
Requires: libcoin

Package: ipred
Source: CRAN
Version: 0.9-6
Hash: 2fd946bce1622291262c12515d27e780
Requires: prodlim

Package: iterators
Source: CRAN
Version: 1.0.9
Hash: c2dc1341675d2508c180221949e40e98

Package: jpeg
Source: CRAN
Version: 0.1-8
Hash: 189af3df9864c6aa8546033f08ba9358

Package: jsonlite
Source: CRAN
Version: 1.5
Hash: 9c51936d8dd00b2f1d4fe9d10499694c

Package: kernlab
Source: CRAN
Version: 0.9-26
Hash: 8ed9abcbf6a5ea22d0e775667519afa7

Package: knitr
Source: CRAN
Version: 1.20
Hash: 9c6b215d1d02b97586c8232e94533e6a
Requires: evaluate, highr, markdown, stringr, yaml

Package: labeling
Source: CRAN
Version: 0.3
Hash: ecf589b42cd284b03a4beb9665482d3e

Package: later
Source: CRAN
Version: 0.7.2
Hash: 44065b8dc9aec795102f2e5d572d2d9a
Requires: BH, Rcpp, rlang

Package: lava
Source: CRAN
Version: 1.6.1
Hash: 3997a98dcb933061721c6ed6ea0302b2
Requires: SQUAREM, numDeriv

Package: lazyeval
Source: CRAN
Version: 0.2.1
Hash: 88926ad9c43581fd0822a37c8ed09f05

Package: libcoin
Source: CRAN
Version: 1.0-1
Hash: d60b9506e1243705f0a552f2f45fd1b8
Requires: mvtnorm

Package: lubridate
Source: CRAN
Version: 1.7.4
Hash: 1e63aff678159d94bb814118c02b7a93
Requires: Rcpp, stringr

Package: magic
Source: CRAN
Version: 1.5-8
Hash: d5670ea63a6d08495e1ac6f99dc92805
Requires: abind

Package: magrittr
Source: CRAN
Version: 1.5
Hash: bdc4d48c3135e8f3b399536ddf160df4

Package: markdown
Source: CRAN
Version: 0.8
Hash: 045d7c594d503b41f1c28946d076c8aa
Requires: mime

Package: memoise
Source: CRAN
Version: 1.1.0
Hash: 410fcd334bc626db100237cc1370f2e9
Requires: digest

Package: mime
Source: CRAN
Version: 0.5
Hash: 463550cf44fb6f0a2359368f42eebe62

Package: mlbench
Source: CRAN
Version: 2.1-1
Hash: 1630b5b4753eba4ba6cfd19bd7561b56

Package: mlr
Source: CRAN
Version: 2.12.1
Hash: 24e25d505e0e884e8790761e0641a215
Requires: BBmisc, ParamHelpers, XML, backports, checkmate, data.table,
    ggplot2, parallelMap, stringi

Package: mmpf
Source: CRAN
Version: 0.0.4
Hash: 1aa9d8ebbf394d703f307bc7fc3b4fc0
Requires: checkmate, data.table

Package: mnormt
Source: CRAN
Version: 1.5-5
Hash: d0d5efbb1fb26d2dc5f9394c223084b5

Package: modeltools
Source: CRAN
Version: 0.2-21
Hash: 3dc03397b2a4375c8a5e5f09c8cf0ae1

Package: multcomp
Source: CRAN
Version: 1.4-8
Hash: 567147e7257cc1b38b22b34a8c6697c0
Requires: TH.data, mvtnorm, sandwich

Package: munsell
Source: CRAN
Version: 0.4.3
Hash: f96d896947fcaf9b6d0074002e9f4f9d
Requires: colorspace

Package: mvtnorm
Source: CRAN
Version: 1.0-8
Hash: 09985635b09071a1d81d6811b92846ea

Package: numDeriv
Source: CRAN
Version: 2016.8-1
Hash: 3a9d0fc99ba2f6aaa500b3d584962be2

Package: packrat
Source: CRAN
Version: 0.4.9-3
Hash: 03fb817297975f1da0d1b774b47620b3

Package: parallelMap
Source: CRAN
Version: 1.3
Hash: 3c25289bf73f56827ff13cc44f2dc259
Requires: BBmisc, checkmate

Package: party
Source: CRAN
Version: 1.3-1
Hash: 9e6324e8892e02be54ac559717152b32
Requires: coin, modeltools, mvtnorm, sandwich, strucchange, zoo

Package: partykit
Source: CRAN
Version: 1.2-2
Hash: dc6770d82e9eb7571d52d7bbc05faee0
Requires: Formula, inum, libcoin, mvtnorm

Package: pillar
Source: CRAN
Version: 1.2.2
Hash: 9c4da206e8c0b21a14667c1baf69ee52
Requires: cli, crayon, rlang, utf8

Package: pkgconfig
Source: CRAN
Version: 2.0.1
Hash: 0dda4a2654a22b36a715c2b0b6fbacac

Package: plogr
Source: CRAN
Version: 0.2.0
Hash: 81a8008a5e7858552503935f1abe48aa

Package: plotmo
Source: CRAN
Version: 3.3.6
Hash: 7e495599fa7ccc1849d4c3e892cd5564
Requires: TeachingDemos, plotrix

Package: plotrix
Source: CRAN
Version: 3.7
Hash: c3833c8ea782d40a086baa9a9053d28b

Package: plyr
Source: CRAN
Version: 1.8.4
Hash: c55fb89c35c97156ff505fc90346110f
Requires: Rcpp

Package: pre
Source: CRAN
Version: 0.5.0
Hash: 4a35fb335f17fd5e4689c742dd3f433e
Requires: Formula, earth, glmnet, partykit, stringr

Package: prodlim
Source: CRAN
Version: 2018.04.18
Hash: dcaf278c33bb921a3eb7a9a1fb7fa5b3
Requires: Rcpp, lava

Package: promises
Source: CRAN
Version: 1.0.1
Hash: 509b401b28dbb35bb5cdd52b26f70855
Requires: R6, Rcpp, later, magrittr, rlang

Package: psych
Source: CRAN
Version: 1.8.3.3
Hash: 57b429dd1239ae287b0fd3991d27f02a
Requires: mnormt

Package: purrr
Source: CRAN
Version: 0.2.5
Hash: 8b0c16db10c7e20b70cd37779a673a8b
Requires: magrittr, rlang, tibble

Package: rJava
Source: CRAN
Version: 0.9-9
Hash: ebf54080d6f36f3814cce27e5325d4e3

Package: randomForest
Source: CRAN
Version: 4.6-14
Hash: e906cd13baafae063318f46d86c1d26d

Package: recipes
Source: CRAN
Version: 0.1.2
Hash: b09e6532698fc2642f327a6f9f5a6d72
Requires: RcppRoll, broom, ddalpha, dimRed, dplyr, gower, ipred,
    lubridate, magrittr, purrr, rlang, tibble, tidyselect, timeDate

Package: reshape2
Source: CRAN
Version: 1.4.3
Hash: 79564c7d36fe3a861158337bc5cc564b
Requires: Rcpp, plyr, stringr

Package: rlang
Source: CRAN
Version: 0.2.1
Hash: 2b163b981be3d6daaac1ad505dd0bf30

Package: rmarkdown
Source: CRAN
Version: 1.10
Hash: 02f1aac33000c63986c6b5585e36e7ae
Requires: base64enc, evaluate, htmltools, jsonlite, knitr, mime,
    rprojroot, stringr, tinytex, yaml

Package: robustbase
Source: CRAN
Version: 0.93-0
Hash: 0d4b128f34b9a3b2529b263f092aafa8
Requires: DEoptimR

Package: roxygen2
Source: CRAN
Version: 6.0.1
Hash: 103c10a2707a21170b74bdde8a5f987a
Requires: R6, Rcpp, brew, commonmark, desc, digest, stringi, stringr,
    xml2

Package: rpart
Source: CRAN
Version: 4.1-13
Hash: 1d1f155d009e010e7d6634a90a87cead

Package: rprojroot
Source: CRAN
Version: 1.3-2
Hash: a25c3f70c166fb3fbabc410eb32b6366
Requires: backports

Package: sandwich
Source: CRAN
Version: 2.4-0
Hash: 754ae8e02f70c5561f75f7a95ea452cc
Requires: zoo

Package: sbrl
Source: CRAN
Version: 1.2
Hash: e9bbe55eda2d047dcc19427dc01954ec
Requires: Rcpp, arules

Package: scales
Source: CRAN
Version: 0.5.0
Hash: 771a326e90172a053b3e5b9a7add3b13
Requires: R6, RColorBrewer, Rcpp, dichromat, labeling, munsell, plyr,
    viridisLite

Package: sfsmisc
Source: CRAN
Version: 1.1-2
Hash: 248383bdc31842432b918218d959bab9

Package: shiny
Source: CRAN
Version: 1.0.5
Hash: 4d47532a807122bfd6bc3818310f9d2e
Requires: R6, digest, htmltools, httpuv, jsonlite, mime, sourcetools,
    xtable

Package: slam
Source: CRAN
Version: 0.1-43
Hash: 2ddf8221c57013af684eca323f761826

Package: sourcetools
Source: CRAN
Version: 0.1.7
Hash: d093478ac90064e670cd4bf1a99b47b6

Package: stringi
Source: CRAN
Version: 1.2.3
Hash: bccbb90bf5e1c53f659359c06c0dde79

Package: stringr
Source: CRAN
Version: 1.3.1
Hash: 9f417a1d899ed1f080942ab36998e8b5
Requires: glue, magrittr, stringi

Package: strucchange
Source: CRAN
Version: 1.5-1
Hash: 79c55eaae619a419b9db1a7e4640cc1b
Requires: sandwich, zoo

Package: svglite
Source: CRAN
Version: 1.2.1
Hash: 7812e3ebf97d344c69754434c56fe21c
Requires: BH, Rcpp, gdtools

Package: tibble
Source: CRAN
Version: 1.4.2
Hash: 83895360ce4f8d2ce92eee00526b5b0b
Requires: cli, crayon, pillar, rlang

Package: tidyr
Source: CRAN
Version: 0.8.0
Hash: 0daec4dec3ba759dcc1a6fa4e4be25f0
Requires: Rcpp, dplyr, glue, magrittr, purrr, rlang, stringi, tibble,
    tidyselect

Package: tidyselect
Source: CRAN
Version: 0.2.4
Hash: e489e97d69b6d23822bb34700b45f45b
Requires: Rcpp, glue, purrr, rlang

Package: timeDate
Source: CRAN
Version: 3043.102
Hash: bf9c128558c5730c3fbaf9ea5196e4bc

Package: tinytex
Source: CRAN
Version: 0.5
Hash: ab9db0efa5f7f5a39f18fc7577192c4b

Package: tm
Source: CRAN
Version: 0.7-3
Hash: 238b301ea6375feb5ad0fdafad23f3a5
Requires: BH, NLP, Rcpp, slam, xml2

Package: utf8
Source: CRAN
Version: 1.1.3
Hash: a2fe6a996668ee5850b7719f365e831b

Package: viridisLite
Source: CRAN
Version: 0.3.0
Hash: 78bb072c4f9e729a283d4c40ec93f9c6

Package: withr
Source: CRAN
Version: 2.1.2
Hash: d534108bcd5f34ec73e9eb523751ba20

Package: xfun
Source: CRAN
Version: 0.1
Hash: 5a219975e4ff4b0daf0ded026fe0dd2f

Package: xgboost
Source: CRAN
Version: 0.6.4.1
Hash: d503184dbb6f527b1ad099070fb7619a
Requires: data.table, magrittr, stringi

Package: xml2
Source: CRAN
Version: 1.2.0
Hash: a9af563f148c0170654bd9b4bb974ba7
Requires: Rcpp

Package: xtable
Source: CRAN
Version: 1.8-2
Hash: 7293235cfcc14cdff1ce7fd1a0212031

Package: yaml
Source: CRAN
Version: 2.1.19
Hash: 6e3d988c25e34c31f668e0ae41dc3259

Package: zoo
Source: CRAN
Version: 1.8-2
Hash: b77d408fd89e2866df97f02bb4b3aa4f
